
Microsoft Visual Studio Solution File, Format Version 12.00
# Visual Studio Version 16
VisualStudioVersion = 16.0.29806.167
MinimumVisualStudioVersion = 10.0.40219.1
Project("{FAE04EC0-301F-11D3-BF4B-00C04F79EFBC}") = "oop_lab3_forms", "oop_lab3_forms\oop_lab3_forms.csproj", "{45745591-0D5E-4CC2-A560-D27241CF90BC}"
EndProject
Global
	GlobalSection(SolutionConfigurationPlatforms) = preSolution
		Debug|Any CPU = Debug|Any CPU
		Release|Any CPU = Release|Any CPU
	EndGlobalSection
	GlobalSection(ProjectConfigurationPlatforms) = postSolution
		{45745591-0D5E-4CC2-A560-D27241CF90BC}.Debug|Any CPU.ActiveCfg = Debug|Any CPU
		{45745591-0D5E-4CC2-A560-D27241CF90BC}.Debug|Any CPU.Build.0 = Debug|Any CPU
		{45745591-0D5E-4CC2-A560-D27241CF90BC}.Release|Any CPU.ActiveCfg = Release|Any CPU
		{45745591-0D5E-4CC2-A560-D27241CF90BC}.Release|Any CPU.Build.0 = Release|Any CPU
	EndGlobalSection
	GlobalSection(SolutionProperties) = preSolution
		HideSolutionNode = FALSE
	EndGlobalSection
	GlobalSection(ExtensibilityGlobals) = postSolution
		SolutionGuid = {D844B928-0E5D-4C68-AD41-AF9BBB035ED4}
	EndGlobalSection
EndGlobal
