
Microsoft Visual Studio Solution File, Format Version 12.00
# Visual Studio Version 16
VisualStudioVersion = 16.0.29806.167
MinimumVisualStudioVersion = 10.0.40219.1
Project("{8BC9CEB8-8B4A-11D0-8D11-00A0C91BC942}") = "lab1", "lab1\lab1.vcxproj", "{23C47719-4696-4321-8132-52504DDD3439}"
EndProject
Global
	GlobalSection(SolutionConfigurationPlatforms) = preSolution
		Debug|x64 = Debug|x64
		Debug|x86 = Debug|x86
		Release|x64 = Release|x64
		Release|x86 = Release|x86
	EndGlobalSection
	GlobalSection(ProjectConfigurationPlatforms) = postSolution
		{23C47719-4696-4321-8132-52504DDD3439}.Debug|x64.ActiveCfg = Debug|x64
		{23C47719-4696-4321-8132-52504DDD3439}.Debug|x64.Build.0 = Debug|x64
		{23C47719-4696-4321-8132-52504DDD3439}.Debug|x86.ActiveCfg = Debug|Win32
		{23C47719-4696-4321-8132-52504DDD3439}.Debug|x86.Build.0 = Debug|Win32
		{23C47719-4696-4321-8132-52504DDD3439}.Release|x64.ActiveCfg = Release|x64
		{23C47719-4696-4321-8132-52504DDD3439}.Release|x64.Build.0 = Release|x64
		{23C47719-4696-4321-8132-52504DDD3439}.Release|x86.ActiveCfg = Release|Win32
		{23C47719-4696-4321-8132-52504DDD3439}.Release|x86.Build.0 = Release|Win32
	EndGlobalSection
	GlobalSection(SolutionProperties) = preSolution
		HideSolutionNode = FALSE
	EndGlobalSection
	GlobalSection(ExtensibilityGlobals) = postSolution
		SolutionGuid = {7321759A-3D84-4817-9445-EDED159FEF15}
	EndGlobalSection
EndGlobal
